// !$*UTF8*$!
{
	archiveVersion = 1;
	classes = {
	};
	objectVersion = 54;
	objects = {

/* Begin PBXBuildFile section */
		1498D2341E8E89220040F4C2 /* GeneratedPluginRegistrant.m in Sources */ = {isa = PBXBuildFile; fileRef = 1498D2331E8E89220040F4C2 /* GeneratedPluginRegistrant.m */; };
		331C808B294A63AB00263BE5 /* RunnerTests.swift in Sources */ = {isa = PBXBuildFile; fileRef = 331C807B294A618700263BE5 /* RunnerTests.swift */; };
		3B3967161E833CAA004F5970 /* AppFrameworkInfo.plist in Resources */ = {isa = PBXBuildFile; fileRef = 3B3967151E833CAA004F5970 /* AppFrameworkInfo.plist */; };
		74858FAF1ED2DC5600515810 /* AppDelegate.swift in Sources */ = {isa = PBXBuildFile; fileRef = 74858FAE1ED2DC5600515810 /* AppDelegate.swift */; };
		7485A0BA2F0A0000000000B2 /* NowPlayingBridge.swift in Sources */ = {isa = PBXBuildFile; fileRef = 7485A0BA2F0A0000000000A1 /* NowPlayingBridge.swift */; };
		7884E8682EC3CC0700C636F2 /* SceneDelegate.swift in Sources */ = {isa = PBXBuildFile; fileRef = 7884E8672EC3CC0400C636F2 /* SceneDelegate.swift */; };
		97C146FC1CF9000F007C117D /* Main.storyboard in Resources */ = {isa = PBXBuildFile; fileRef = 97C146FA1CF9000F007C117D /* Main.storyboard */; };
		97C146FE1CF9000F007C117D /* Assets.xcassets in Resources */ = {isa = PBXBuildFile; fileRef = 97C146FD1CF9000F007C117D /* Assets.xcassets */; };
		97C147011CF9000F007C117D /* LaunchScreen.storyboard in Resources */ = {isa = PBXBuildFile; fileRef = 97C146FF1CF9000F007C117D /* LaunchScreen.storyboard */; };
		384E7CD32C0400318E89BFE2 /* LauncherIconBridge.swift in Sources */ = {isa = PBXBuildFile; fileRef = B913AF9475EAC9655614311C /* LauncherIconBridge.swift */; };
		B2ACAC0042E2BC7926C99CD4 /* launcher1_1024.png in Resources */ = {isa = PBXBuildFile; fileRef = 7BAB4A4D1CD3F940069B0A75 /* launcher1_1024.png */; };
		FA16819C46823F639C6A607E /* launcher1_120.png in Resources */ = {isa = PBXBuildFile; fileRef = 1C159E149943F8A9E70B90F1 /* launcher1_120.png */; };
		B7DE86D81233AE41EF05E5A6 /* launcher1_152.png in Resources */ = {isa = PBXBuildFile; fileRef = D38979F30C59A29DA303E4A6 /* launcher1_152.png */; };
		326C7B542DCEE493F26DBC6F /* launcher1_167.png in Resources */ = {isa = PBXBuildFile; fileRef = 1CE278445F1024AD83146D22 /* launcher1_167.png */; };
		E503C43C11687DF6CE314970 /* launcher1_180.png in Resources */ = {isa = PBXBuildFile; fileRef = 286522074AB2811C06A6EA8B /* launcher1_180.png */; };
		8801515774EFAF49AE5A12F7 /* launcher1_20.png in Resources */ = {isa = PBXBuildFile; fileRef = 4ED3BF6D134631EA022B1E44 /* launcher1_20.png */; };
		57D7724F868ADE97478C1ED7 /* launcher1_29.png in Resources */ = {isa = PBXBuildFile; fileRef = 701D10D07691A0B132899350 /* launcher1_29.png */; };
		F7462DF5F3E5F69C932A1114 /* launcher1_40.png in Resources */ = {isa = PBXBuildFile; fileRef = 77296C7F62C4A39A907D76C6 /* launcher1_40.png */; };
		361C69E4D077B369DC069557 /* launcher1_58.png in Resources */ = {isa = PBXBuildFile; fileRef = 84877DC9501B3F1E4393F57B /* launcher1_58.png */; };
		4637A4802B53F7DDDF714AE4 /* launcher1_60.png in Resources */ = {isa = PBXBuildFile; fileRef = FABA6284BBDDC4717FFF4C20 /* launcher1_60.png */; };
		B570AF86E36C8416B9688292 /* launcher1_76.png in Resources */ = {isa = PBXBuildFile; fileRef = 99FEB937D5435A7A6FBEA3E2 /* launcher1_76.png */; };
		AD8FBFE193F19074CB989202 /* launcher1_80.png in Resources */ = {isa = PBXBuildFile; fileRef = 243184EC82545EACD35C82B7 /* launcher1_80.png */; };
		AECFBDE0B695963932931F12 /* launcher1_87.png in Resources */ = {isa = PBXBuildFile; fileRef = 989C63C10D8B9C6EBE192713 /* launcher1_87.png */; };
		DDB6533BBC64604791457C9B /* launcher2_1024.png in Resources */ = {isa = PBXBuildFile; fileRef = 892CA667B7315CF02BAE5037 /* launcher2_1024.png */; };
		14D8E62E4C85A2604E983606 /* launcher2_120.png in Resources */ = {isa = PBXBuildFile; fileRef = B870F7180C3A5542132E2FC4 /* launcher2_120.png */; };
		F808578539891D2319B7C429 /* launcher2_152.png in Resources */ = {isa = PBXBuildFile; fileRef = 2B2BABAAC111229DD60CFECF /* launcher2_152.png */; };
		BBCA58503061367CF3B9A635 /* launcher2_167.png in Resources */ = {isa = PBXBuildFile; fileRef = 6E8873DE01F7E66BA1890022 /* launcher2_167.png */; };
		3CC2C1C3601FFA76340847E9 /* launcher2_180.png in Resources */ = {isa = PBXBuildFile; fileRef = 6E528B6BFF2D1EEDAC0F0CE6 /* launcher2_180.png */; };
		C627757610854BCADAA43207 /* launcher2_20.png in Resources */ = {isa = PBXBuildFile; fileRef = 1F37C277FC73EBE78C0B1239 /* launcher2_20.png */; };
		29809B2B7D5D34596C0B228B /* launcher2_29.png in Resources */ = {isa = PBXBuildFile; fileRef = 3063F2C91F1770074750338F /* launcher2_29.png */; };
		06EBD7E1430DC438932EBBC9 /* launcher2_40.png in Resources */ = {isa = PBXBuildFile; fileRef = 2A677D939DD6C1DC075A3497 /* launcher2_40.png */; };
		9D5A698A5AD7094AB5F186A1 /* launcher2_58.png in Resources */ = {isa = PBXBuildFile; fileRef = A6970481867D1EC8CE8E4CD8 /* launcher2_58.png */; };
		3F80148D8B5D143A86CBA387 /* launcher2_60.png in Resources */ = {isa = PBXBuildFile; fileRef = 75BA16F13C7E63EFB33CB7B2 /* launcher2_60.png */; };
		2ED076AA158012147F8A8265 /* launcher2_76.png in Resources */ = {isa = PBXBuildFile; fileRef = 582F52CE61F41F7C86D7F0DB /* launcher2_76.png */; };
		9172189CF1930026B5EFB8F2 /* launcher2_80.png in Resources */ = {isa = PBXBuildFile; fileRef = DB1158462EE6FACA79D86058 /* launcher2_80.png */; };
		E0F4A0DBF808061BFC171E88 /* launcher2_87.png in Resources */ = {isa = PBXBuildFile; fileRef = E5111109F293176EE17D3858 /* launcher2_87.png */; };
		C2AE524C25E35D67176EE7E8 /* launcher3_1024.png in Resources */ = {isa = PBXBuildFile; fileRef = 3B371863253A561E99AB6A8E /* launcher3_1024.png */; };
		7ADAD28DF59F4A854B15B088 /* launcher3_120.png in Resources */ = {isa = PBXBuildFile; fileRef = 1EA97F40BB9505E90BD2323B /* launcher3_120.png */; };
		9CBF145F52026F0B916B7B8A /* launcher3_152.png in Resources */ = {isa = PBXBuildFile; fileRef = 37A07D90F8CA26701044EDE4 /* launcher3_152.png */; };
		A3A2BD63F3ED1D02721F583A /* launcher3_167.png in Resources */ = {isa = PBXBuildFile; fileRef = 3864A75EDE80A12F0C65B852 /* launcher3_167.png */; };
		3FAB34DD438E97FEFD68B742 /* launcher3_180.png in Resources */ = {isa = PBXBuildFile; fileRef = 2E6513208D46265069B9E071 /* launcher3_180.png */; };
		A303BEEEBBB5BEA57E53DE03 /* launcher3_20.png in Resources */ = {isa = PBXBuildFile; fileRef = CEF4D10FC99C1E89EE82FA3D /* launcher3_20.png */; };
		62D054C2B275407D98BBCFDD /* launcher3_29.png in Resources */ = {isa = PBXBuildFile; fileRef = 2484A4DA9995A377C24C053B /* launcher3_29.png */; };
		E1BC64E8351CC64285FBB8AD /* launcher3_40.png in Resources */ = {isa = PBXBuildFile; fileRef = E62EFD929A5668FA33129DE9 /* launcher3_40.png */; };
		2112678262B698BF0F6354F3 /* launcher3_58.png in Resources */ = {isa = PBXBuildFile; fileRef = 2C8D47CCD3868A30F901FB2F /* launcher3_58.png */; };
		4A1233B0C2F7C28B65DD3892 /* launcher3_60.png in Resources */ = {isa = PBXBuildFile; fileRef = 98DBF1BC6860735030628D43 /* launcher3_60.png */; };
		91F1C7ABE4275C2C67F196B3 /* launcher3_76.png in Resources */ = {isa = PBXBuildFile; fileRef = E4690C6D4609CA92DCC14E9E /* launcher3_76.png */; };
		3BCCCB1A64353A09293600E3 /* launcher3_80.png in Resources */ = {isa = PBXBuildFile; fileRef = 41E57CA414FEFCC9E4DE0FC3 /* launcher3_80.png */; };
		3090BB15EEE4DB01C2A637D6 /* launcher3_87.png in Resources */ = {isa = PBXBuildFile; fileRef = 6659F091F0E29E9BAD4710F5 /* launcher3_87.png */; };
		D3151C9754762B70C60B5C09 /* launcher4_1024.png in Resources */ = {isa = PBXBuildFile; fileRef = CF59BB909253F990942EAB20 /* launcher4_1024.png */; };
		0BFCA29CD38D48AC6FAA98D5 /* launcher4_120.png in Resources */ = {isa = PBXBuildFile; fileRef = 971C5B8C9966B557822B3305 /* launcher4_120.png */; };
		C77D244784BC8BCA6DB3B01F /* launcher4_152.png in Resources */ = {isa = PBXBuildFile; fileRef = AEF36B370E70617B26AF9956 /* launcher4_152.png */; };
		5FA0E8296495E71216D2D585 /* launcher4_167.png in Resources */ = {isa = PBXBuildFile; fileRef = 478F8E13020870F5C87CE723 /* launcher4_167.png */; };
		96F37DE30BD47A2FFDFDD172 /* launcher4_180.png in Resources */ = {isa = PBXBuildFile; fileRef = 455305046ABA4E223B0A2404 /* launcher4_180.png */; };
		30F9856448ADDF68134B663A /* launcher4_20.png in Resources */ = {isa = PBXBuildFile; fileRef = 9B4607B578306FD052EF75FE /* launcher4_20.png */; };
		D70913C1BA106AF7EFA0E46E /* launcher4_29.png in Resources */ = {isa = PBXBuildFile; fileRef = 6FE86AF3823B17D8FB67CEE3 /* launcher4_29.png */; };
		A504873FBAD7E0E51AD9C749 /* launcher4_40.png in Resources */ = {isa = PBXBuildFile; fileRef = 84B5A6CCC948602A445F8A4C /* launcher4_40.png */; };
		6BFC9F08F51A60A84ADB5307 /* launcher4_58.png in Resources */ = {isa = PBXBuildFile; fileRef = 43F5D835E59C1DC5F89F7D63 /* launcher4_58.png */; };
		7B4A3423AF99FDE55947E339 /* launcher4_60.png in Resources */ = {isa = PBXBuildFile; fileRef = 40B29904F65FA69B95F5079D /* launcher4_60.png */; };
		F5C44A1592E65CA26CF1D1D4 /* launcher4_76.png in Resources */ = {isa = PBXBuildFile; fileRef = A219E35332F790FB0476E572 /* launcher4_76.png */; };
		3A67AF519DEB98C196BC4271 /* launcher4_80.png in Resources */ = {isa = PBXBuildFile; fileRef = 50A696AB816D7CD5968BC665 /* launcher4_80.png */; };
		A52D6DA3882E82FB25A98E90 /* launcher4_87.png in Resources */ = {isa = PBXBuildFile; fileRef = 10E0D13B12280C2CF0907812 /* launcher4_87.png */; };
		25B2995F413B0727CA8C4A44 /* launcher5_1024.png in Resources */ = {isa = PBXBuildFile; fileRef = 8DC8CC3F486CBAF9798BAC47 /* launcher5_1024.png */; };
		3413A47AC680E9CD4AD9AD33 /* launcher5_120.png in Resources */ = {isa = PBXBuildFile; fileRef = 0FFD8E5A1794BA8DEAC95389 /* launcher5_120.png */; };
		030220439638625621D48E00 /* launcher5_152.png in Resources */ = {isa = PBXBuildFile; fileRef = E5605AA32C578C31CC097D2C /* launcher5_152.png */; };
		B7222FCEBFD3645AA8E532AD /* launcher5_167.png in Resources */ = {isa = PBXBuildFile; fileRef = 93D4461DDB2238D2A27AE678 /* launcher5_167.png */; };
		5BF6ADCD59E1E959188337C5 /* launcher5_180.png in Resources */ = {isa = PBXBuildFile; fileRef = 418DDB2A84DD4497E530DF5D /* launcher5_180.png */; };
		C698F14AC18856818B3711E9 /* launcher5_20.png in Resources */ = {isa = PBXBuildFile; fileRef = 9DAE484121FA3BBD3D2B58F0 /* launcher5_20.png */; };
		A423A612D4F8C02E761CA53F /* launcher5_29.png in Resources */ = {isa = PBXBuildFile; fileRef = E697609B1CE5E488BB111210 /* launcher5_29.png */; };
		D88CC6B350526497029AFA0F /* launcher5_40.png in Resources */ = {isa = PBXBuildFile; fileRef = 45EDEC7B5946752A87F32501 /* launcher5_40.png */; };
		DAC4F7D723E3A0A4E69BA59F /* launcher5_58.png in Resources */ = {isa = PBXBuildFile; fileRef = A432A0AB3C879D98ABAA95BD /* launcher5_58.png */; };
		AE979CA5697264A49BC91BF3 /* launcher5_60.png in Resources */ = {isa = PBXBuildFile; fileRef = C7FD45A2BC10AED9D17B6E59 /* launcher5_60.png */; };
		DF642DE3DFBAFB505A075F12 /* launcher5_76.png in Resources */ = {isa = PBXBuildFile; fileRef = 34B3B872CE69596BD87A84DC /* launcher5_76.png */; };
		2A5D7054AFA1E426B25893BE /* launcher5_80.png in Resources */ = {isa = PBXBuildFile; fileRef = 1073D4AFC1C73330BF10F694 /* launcher5_80.png */; };
		018FC9A6A04E4814B3A1B305 /* launcher5_87.png in Resources */ = {isa = PBXBuildFile; fileRef = CCFF87F82237C22DABED8CCA /* launcher5_87.png */; };
		D298C8DBC2378DB006E107C1 /* launcher6_1024.png in Resources */ = {isa = PBXBuildFile; fileRef = 9CC3BE97A8D3AA18EEC7EF43 /* launcher6_1024.png */; };
		2B30F8E5569DBDCDC9A9354B /* launcher6_120.png in Resources */ = {isa = PBXBuildFile; fileRef = 0784E0D4D14A16BB700178EC /* launcher6_120.png */; };
		7FC8D050C516BB9D2E436597 /* launcher6_152.png in Resources */ = {isa = PBXBuildFile; fileRef = B7AE0AAF8E5E1712ECD85765 /* launcher6_152.png */; };
		69A598E2A6AAF02558E69525 /* launcher6_167.png in Resources */ = {isa = PBXBuildFile; fileRef = 3AD0C61A625F8E650F11B57E /* launcher6_167.png */; };
		2A2CE8FAC4A480D8ED4AEF41 /* launcher6_180.png in Resources */ = {isa = PBXBuildFile; fileRef = 60C3D673F7C21BA08871D2B3 /* launcher6_180.png */; };
		FE8C163C29A5F6D4BA2AF03B /* launcher6_20.png in Resources */ = {isa = PBXBuildFile; fileRef = FA0AC0689ACFAF4F678CA0C6 /* launcher6_20.png */; };
		DE9DD14403875DC1E826027B /* launcher6_29.png in Resources */ = {isa = PBXBuildFile; fileRef = 4DCDDB830803F4D22F43851B /* launcher6_29.png */; };
		02269A227289783B78EC824E /* launcher6_40.png in Resources */ = {isa = PBXBuildFile; fileRef = D4735201896F786E8B8550B1 /* launcher6_40.png */; };
		B6340EE393FE959AB30A1944 /* launcher6_58.png in Resources */ = {isa = PBXBuildFile; fileRef = E150ACF54D3247A89014B9CF /* launcher6_58.png */; };
		B7D728F97E6CE3115412D2A4 /* launcher6_60.png in Resources */ = {isa = PBXBuildFile; fileRef = 2FA4160D433E64E1488C1C1C /* launcher6_60.png */; };
		C23B940B68EC35AEE475A0CD /* launcher6_76.png in Resources */ = {isa = PBXBuildFile; fileRef = BB0A7E2B0222E3C5E8C7E392 /* launcher6_76.png */; };
		D59C40CC27F8677B927087CB /* launcher6_80.png in Resources */ = {isa = PBXBuildFile; fileRef = C640743DFB6772695A5A0A5D /* launcher6_80.png */; };
		A7E298FF18C5DC721D002F39 /* launcher6_87.png in Resources */ = {isa = PBXBuildFile; fileRef = 4F85C36F70AE054306C6C74A /* launcher6_87.png */; };
/* End PBXBuildFile section */

/* Begin PBXContainerItemProxy section */
		331C8085294A63A400263BE5 /* PBXContainerItemProxy */ = {
			isa = PBXContainerItemProxy;
			containerPortal = 97C146E61CF9000F007C117D /* Project object */;
			proxyType = 1;
			remoteGlobalIDString = 97C146ED1CF9000F007C117D;
			remoteInfo = Runner;
		};
/* End PBXContainerItemProxy section */

/* Begin PBXCopyFilesBuildPhase section */
		9705A1C41CF9048500538489 /* Embed Frameworks */ = {
			isa = PBXCopyFilesBuildPhase;
			buildActionMask = 2147483647;
			dstPath = "";
			dstSubfolderSpec = 10;
			files = (
			);
			name = "Embed Frameworks";
			runOnlyForDeploymentPostprocessing = 0;
		};
/* End PBXCopyFilesBuildPhase section */

/* Begin PBXFileReference section */
		1498D2321E8E86230040F4C2 /* GeneratedPluginRegistrant.h */ = {isa = PBXFileReference; lastKnownFileType = sourcecode.c.h; path = GeneratedPluginRegistrant.h; sourceTree = "<group>"; };
		1498D2331E8E89220040F4C2 /* GeneratedPluginRegistrant.m */ = {isa = PBXFileReference; fileEncoding = 4; lastKnownFileType = sourcecode.c.objc; path = GeneratedPluginRegistrant.m; sourceTree = "<group>"; };
		331C807B294A618700263BE5 /* RunnerTests.swift */ = {isa = PBXFileReference; lastKnownFileType = sourcecode.swift; path = RunnerTests.swift; sourceTree = "<group>"; };
		331C8081294A63A400263BE5 /* RunnerTests.xctest */ = {isa = PBXFileReference; explicitFileType = wrapper.cfbundle; includeInIndex = 0; path = RunnerTests.xctest; sourceTree = BUILT_PRODUCTS_DIR; };
		3B3967151E833CAA004F5970 /* AppFrameworkInfo.plist */ = {isa = PBXFileReference; fileEncoding = 4; lastKnownFileType = text.plist.xml; name = AppFrameworkInfo.plist; path = Flutter/AppFrameworkInfo.plist; sourceTree = "<group>"; };
		74858FAD1ED2DC5600515810 /* Runner-Bridging-Header.h */ = {isa = PBXFileReference; lastKnownFileType = sourcecode.c.h; path = "Runner-Bridging-Header.h"; sourceTree = "<group>"; };
		74858FAE1ED2DC5600515810 /* AppDelegate.swift */ = {isa = PBXFileReference; fileEncoding = 4; lastKnownFileType = sourcecode.swift; path = AppDelegate.swift; sourceTree = "<group>"; };
		7485A0BA2F0A0000000000A1 /* NowPlayingBridge.swift */ = {isa = PBXFileReference; fileEncoding = 4; lastKnownFileType = sourcecode.swift; path = NowPlayingBridge.swift; sourceTree = "<group>"; };
		7884E8672EC3CC0400C636F2 /* SceneDelegate.swift */ = {isa = PBXFileReference; lastKnownFileType = sourcecode.swift; path = SceneDelegate.swift; sourceTree = "<group>"; };
		7AFA3C8E1D35360C0083082E /* Release.xcconfig */ = {isa = PBXFileReference; lastKnownFileType = text.xcconfig; name = Release.xcconfig; path = Flutter/Release.xcconfig; sourceTree = "<group>"; };
		9740EEB21CF90195004384FC /* Debug.xcconfig */ = {isa = PBXFileReference; fileEncoding = 4; lastKnownFileType = text.xcconfig; name = Debug.xcconfig; path = Flutter/Debug.xcconfig; sourceTree = "<group>"; };
		9740EEB31CF90195004384FC /* Generated.xcconfig */ = {isa = PBXFileReference; fileEncoding = 4; lastKnownFileType = text.xcconfig; name = Generated.xcconfig; path = Flutter/Generated.xcconfig; sourceTree = "<group>"; };
		97C146EE1CF9000F007C117D /* Runner.app */ = {isa = PBXFileReference; explicitFileType = wrapper.application; includeInIndex = 0; path = Runner.app; sourceTree = BUILT_PRODUCTS_DIR; };
		97C146FB1CF9000F007C117D /* Base */ = {isa = PBXFileReference; lastKnownFileType = file.storyboard; name = Base; path = Base.lproj/Main.storyboard; sourceTree = "<group>"; };
		97C146FD1CF9000F007C117D /* Assets.xcassets */ = {isa = PBXFileReference; lastKnownFileType = folder.assetcatalog; path = Assets.xcassets; sourceTree = "<group>"; };
		97C147001CF9000F007C117D /* Base */ = {isa = PBXFileReference; lastKnownFileType = file.storyboard; name = Base; path = Base.lproj/LaunchScreen.storyboard; sourceTree = "<group>"; };
		97C147021CF9000F007C117D /* Info.plist */ = {isa = PBXFileReference; lastKnownFileType = text.plist.xml; path = Info.plist; sourceTree = "<group>"; };
		B913AF9475EAC9655614311C /* LauncherIconBridge.swift */ = {isa = PBXFileReference; lastKnownFileType = sourcecode.swift; path = LauncherIconBridge.swift; sourceTree = "<group>"; };
		7BAB4A4D1CD3F940069B0A75 /* launcher1_1024.png */ = {isa = PBXFileReference; lastKnownFileType = image.png; name = launcher1_1024.png; path = launcher1_1024.png; sourceTree = "<group>"; };
		1C159E149943F8A9E70B90F1 /* launcher1_120.png */ = {isa = PBXFileReference; lastKnownFileType = image.png; name = launcher1_120.png; path = launcher1_120.png; sourceTree = "<group>"; };
		D38979F30C59A29DA303E4A6 /* launcher1_152.png */ = {isa = PBXFileReference; lastKnownFileType = image.png; name = launcher1_152.png; path = launcher1_152.png; sourceTree = "<group>"; };
		1CE278445F1024AD83146D22 /* launcher1_167.png */ = {isa = PBXFileReference; lastKnownFileType = image.png; name = launcher1_167.png; path = launcher1_167.png; sourceTree = "<group>"; };
		286522074AB2811C06A6EA8B /* launcher1_180.png */ = {isa = PBXFileReference; lastKnownFileType = image.png; name = launcher1_180.png; path = launcher1_180.png; sourceTree = "<group>"; };
		4ED3BF6D134631EA022B1E44 /* launcher1_20.png */ = {isa = PBXFileReference; lastKnownFileType = image.png; name = launcher1_20.png; path = launcher1_20.png; sourceTree = "<group>"; };
		701D10D07691A0B132899350 /* launcher1_29.png */ = {isa = PBXFileReference; lastKnownFileType = image.png; name = launcher1_29.png; path = launcher1_29.png; sourceTree = "<group>"; };
		77296C7F62C4A39A907D76C6 /* launcher1_40.png */ = {isa = PBXFileReference; lastKnownFileType = image.png; name = launcher1_40.png; path = launcher1_40.png; sourceTree = "<group>"; };
		84877DC9501B3F1E4393F57B /* launcher1_58.png */ = {isa = PBXFileReference; lastKnownFileType = image.png; name = launcher1_58.png; path = launcher1_58.png; sourceTree = "<group>"; };
		FABA6284BBDDC4717FFF4C20 /* launcher1_60.png */ = {isa = PBXFileReference; lastKnownFileType = image.png; name = launcher1_60.png; path = launcher1_60.png; sourceTree = "<group>"; };
		99FEB937D5435A7A6FBEA3E2 /* launcher1_76.png */ = {isa = PBXFileReference; lastKnownFileType = image.png; name = launcher1_76.png; path = launcher1_76.png; sourceTree = "<group>"; };
		243184EC82545EACD35C82B7 /* launcher1_80.png */ = {isa = PBXFileReference; lastKnownFileType = image.png; name = launcher1_80.png; path = launcher1_80.png; sourceTree = "<group>"; };
		989C63C10D8B9C6EBE192713 /* launcher1_87.png */ = {isa = PBXFileReference; lastKnownFileType = image.png; name = launcher1_87.png; path = launcher1_87.png; sourceTree = "<group>"; };
		892CA667B7315CF02BAE5037 /* launcher2_1024.png */ = {isa = PBXFileReference; lastKnownFileType = image.png; name = launcher2_1024.png; path = launcher2_1024.png; sourceTree = "<group>"; };
		B870F7180C3A5542132E2FC4 /* launcher2_120.png */ = {isa = PBXFileReference; lastKnownFileType = image.png; name = launcher2_120.png; path = launcher2_120.png; sourceTree = "<group>"; };
		2B2BABAAC111229DD60CFECF /* launcher2_152.png */ = {isa = PBXFileReference; lastKnownFileType = image.png; name = launcher2_152.png; path = launcher2_152.png; sourceTree = "<group>"; };
		6E8873DE01F7E66BA1890022 /* launcher2_167.png */ = {isa = PBXFileReference; lastKnownFileType = image.png; name = launcher2_167.png; path = launcher2_167.png; sourceTree = "<group>"; };
		6E528B6BFF2D1EEDAC0F0CE6 /* launcher2_180.png */ = {isa = PBXFileReference; lastKnownFileType = image.png; name = launcher2_180.png; path = launcher2_180.png; sourceTree = "<group>"; };
		1F37C277FC73EBE78C0B1239 /* launcher2_20.png */ = {isa = PBXFileReference; lastKnownFileType = image.png; name = launcher2_20.png; path = launcher2_20.png; sourceTree = "<group>"; };
		3063F2C91F1770074750338F /* launcher2_29.png */ = {isa = PBXFileReference; lastKnownFileType = image.png; name = launcher2_29.png; path = launcher2_29.png; sourceTree = "<group>"; };
		2A677D939DD6C1DC075A3497 /* launcher2_40.png */ = {isa = PBXFileReference; lastKnownFileType = image.png; name = launcher2_40.png; path = launcher2_40.png; sourceTree = "<group>"; };
		A6970481867D1EC8CE8E4CD8 /* launcher2_58.png */ = {isa = PBXFileReference; lastKnownFileType = image.png; name = launcher2_58.png; path = launcher2_58.png; sourceTree = "<group>"; };
		75BA16F13C7E63EFB33CB7B2 /* launcher2_60.png */ = {isa = PBXFileReference; lastKnownFileType = image.png; name = launcher2_60.png; path = launcher2_60.png; sourceTree = "<group>"; };
		582F52CE61F41F7C86D7F0DB /* launcher2_76.png */ = {isa = PBXFileReference; lastKnownFileType = image.png; name = launcher2_76.png; path = launcher2_76.png; sourceTree = "<group>"; };
		DB1158462EE6FACA79D86058 /* launcher2_80.png */ = {isa = PBXFileReference; lastKnownFileType = image.png; name = launcher2_80.png; path = launcher2_80.png; sourceTree = "<group>"; };
		E5111109F293176EE17D3858 /* launcher2_87.png */ = {isa = PBXFileReference; lastKnownFileType = image.png; name = launcher2_87.png; path = launcher2_87.png; sourceTree = "<group>"; };
		3B371863253A561E99AB6A8E /* launcher3_1024.png */ = {isa = PBXFileReference; lastKnownFileType = image.png; name = launcher3_1024.png; path = launcher3_1024.png; sourceTree = "<group>"; };
		1EA97F40BB9505E90BD2323B /* launcher3_120.png */ = {isa = PBXFileReference; lastKnownFileType = image.png; name = launcher3_120.png; path = launcher3_120.png; sourceTree = "<group>"; };
		37A07D90F8CA26701044EDE4 /* launcher3_152.png */ = {isa = PBXFileReference; lastKnownFileType = image.png; name = launcher3_152.png; path = launcher3_152.png; sourceTree = "<group>"; };
		3864A75EDE80A12F0C65B852 /* launcher3_167.png */ = {isa = PBXFileReference; lastKnownFileType = image.png; name = launcher3_167.png; path = launcher3_167.png; sourceTree = "<group>"; };
		2E6513208D46265069B9E071 /* launcher3_180.png */ = {isa = PBXFileReference; lastKnownFileType = image.png; name = launcher3_180.png; path = launcher3_180.png; sourceTree = "<group>"; };
		CEF4D10FC99C1E89EE82FA3D /* launcher3_20.png */ = {isa = PBXFileReference; lastKnownFileType = image.png; name = launcher3_20.png; path = launcher3_20.png; sourceTree = "<group>"; };
		2484A4DA9995A377C24C053B /* launcher3_29.png */ = {isa = PBXFileReference; lastKnownFileType = image.png; name = launcher3_29.png; path = launcher3_29.png; sourceTree = "<group>"; };
		E62EFD929A5668FA33129DE9 /* launcher3_40.png */ = {isa = PBXFileReference; lastKnownFileType = image.png; name = launcher3_40.png; path = launcher3_40.png; sourceTree = "<group>"; };
		2C8D47CCD3868A30F901FB2F /* launcher3_58.png */ = {isa = PBXFileReference; lastKnownFileType = image.png; name = launcher3_58.png; path = launcher3_58.png; sourceTree = "<group>"; };
		98DBF1BC6860735030628D43 /* launcher3_60.png */ = {isa = PBXFileReference; lastKnownFileType = image.png; name = launcher3_60.png; path = launcher3_60.png; sourceTree = "<group>"; };
		E4690C6D4609CA92DCC14E9E /* launcher3_76.png */ = {isa = PBXFileReference; lastKnownFileType = image.png; name = launcher3_76.png; path = launcher3_76.png; sourceTree = "<group>"; };
		41E57CA414FEFCC9E4DE0FC3 /* launcher3_80.png */ = {isa = PBXFileReference; lastKnownFileType = image.png; name = launcher3_80.png; path = launcher3_80.png; sourceTree = "<group>"; };
		6659F091F0E29E9BAD4710F5 /* launcher3_87.png */ = {isa = PBXFileReference; lastKnownFileType = image.png; name = launcher3_87.png; path = launcher3_87.png; sourceTree = "<group>"; };
		CF59BB909253F990942EAB20 /* launcher4_1024.png */ = {isa = PBXFileReference; lastKnownFileType = image.png; name = launcher4_1024.png; path = launcher4_1024.png; sourceTree = "<group>"; };
		971C5B8C9966B557822B3305 /* launcher4_120.png */ = {isa = PBXFileReference; lastKnownFileType = image.png; name = launcher4_120.png; path = launcher4_120.png; sourceTree = "<group>"; };
		AEF36B370E70617B26AF9956 /* launcher4_152.png */ = {isa = PBXFileReference; lastKnownFileType = image.png; name = launcher4_152.png; path = launcher4_152.png; sourceTree = "<group>"; };
		478F8E13020870F5C87CE723 /* launcher4_167.png */ = {isa = PBXFileReference; lastKnownFileType = image.png; name = launcher4_167.png; path = launcher4_167.png; sourceTree = "<group>"; };
		455305046ABA4E223B0A2404 /* launcher4_180.png */ = {isa = PBXFileReference; lastKnownFileType = image.png; name = launcher4_180.png; path = launcher4_180.png; sourceTree = "<group>"; };
		9B4607B578306FD052EF75FE /* launcher4_20.png */ = {isa = PBXFileReference; lastKnownFileType = image.png; name = launcher4_20.png; path = launcher4_20.png; sourceTree = "<group>"; };
		6FE86AF3823B17D8FB67CEE3 /* launcher4_29.png */ = {isa = PBXFileReference; lastKnownFileType = image.png; name = launcher4_29.png; path = launcher4_29.png; sourceTree = "<group>"; };
		84B5A6CCC948602A445F8A4C /* launcher4_40.png */ = {isa = PBXFileReference; lastKnownFileType = image.png; name = launcher4_40.png; path = launcher4_40.png; sourceTree = "<group>"; };
		43F5D835E59C1DC5F89F7D63 /* launcher4_58.png */ = {isa = PBXFileReference; lastKnownFileType = image.png; name = launcher4_58.png; path = launcher4_58.png; sourceTree = "<group>"; };
		40B29904F65FA69B95F5079D /* launcher4_60.png */ = {isa = PBXFileReference; lastKnownFileType = image.png; name = launcher4_60.png; path = launcher4_60.png; sourceTree = "<group>"; };
		A219E35332F790FB0476E572 /* launcher4_76.png */ = {isa = PBXFileReference; lastKnownFileType = image.png; name = launcher4_76.png; path = launcher4_76.png; sourceTree = "<group>"; };
		50A696AB816D7CD5968BC665 /* launcher4_80.png */ = {isa = PBXFileReference; lastKnownFileType = image.png; name = launcher4_80.png; path = launcher4_80.png; sourceTree = "<group>"; };
		10E0D13B12280C2CF0907812 /* launcher4_87.png */ = {isa = PBXFileReference; lastKnownFileType = image.png; name = launcher4_87.png; path = launcher4_87.png; sourceTree = "<group>"; };
		8DC8CC3F486CBAF9798BAC47 /* launcher5_1024.png */ = {isa = PBXFileReference; lastKnownFileType = image.png; name = launcher5_1024.png; path = launcher5_1024.png; sourceTree = "<group>"; };
		0FFD8E5A1794BA8DEAC95389 /* launcher5_120.png */ = {isa = PBXFileReference; lastKnownFileType = image.png; name = launcher5_120.png; path = launcher5_120.png; sourceTree = "<group>"; };
		E5605AA32C578C31CC097D2C /* launcher5_152.png */ = {isa = PBXFileReference; lastKnownFileType = image.png; name = launcher5_152.png; path = launcher5_152.png; sourceTree = "<group>"; };
		93D4461DDB2238D2A27AE678 /* launcher5_167.png */ = {isa = PBXFileReference; lastKnownFileType = image.png; name = launcher5_167.png; path = launcher5_167.png; sourceTree = "<group>"; };
		418DDB2A84DD4497E530DF5D /* launcher5_180.png */ = {isa = PBXFileReference; lastKnownFileType = image.png; name = launcher5_180.png; path = launcher5_180.png; sourceTree = "<group>"; };
		9DAE484121FA3BBD3D2B58F0 /* launcher5_20.png */ = {isa = PBXFileReference; lastKnownFileType = image.png; name = launcher5_20.png; path = launcher5_20.png; sourceTree = "<group>"; };
		E697609B1CE5E488BB111210 /* launcher5_29.png */ = {isa = PBXFileReference; lastKnownFileType = image.png; name = launcher5_29.png; path = launcher5_29.png; sourceTree = "<group>"; };
		45EDEC7B5946752A87F32501 /* launcher5_40.png */ = {isa = PBXFileReference; lastKnownFileType = image.png; name = launcher5_40.png; path = launcher5_40.png; sourceTree = "<group>"; };
		A432A0AB3C879D98ABAA95BD /* launcher5_58.png */ = {isa = PBXFileReference; lastKnownFileType = image.png; name = launcher5_58.png; path = launcher5_58.png; sourceTree = "<group>"; };
		C7FD45A2BC10AED9D17B6E59 /* launcher5_60.png */ = {isa = PBXFileReference; lastKnownFileType = image.png; name = launcher5_60.png; path = launcher5_60.png; sourceTree = "<group>"; };
		34B3B872CE69596BD87A84DC /* launcher5_76.png */ = {isa = PBXFileReference; lastKnownFileType = image.png; name = launcher5_76.png; path = launcher5_76.png; sourceTree = "<group>"; };
		1073D4AFC1C73330BF10F694 /* launcher5_80.png */ = {isa = PBXFileReference; lastKnownFileType = image.png; name = launcher5_80.png; path = launcher5_80.png; sourceTree = "<group>"; };
		CCFF87F82237C22DABED8CCA /* launcher5_87.png */ = {isa = PBXFileReference; lastKnownFileType = image.png; name = launcher5_87.png; path = launcher5_87.png; sourceTree = "<group>"; };
		9CC3BE97A8D3AA18EEC7EF43 /* launcher6_1024.png */ = {isa = PBXFileReference; lastKnownFileType = image.png; name = launcher6_1024.png; path = launcher6_1024.png; sourceTree = "<group>"; };
		0784E0D4D14A16BB700178EC /* launcher6_120.png */ = {isa = PBXFileReference; lastKnownFileType = image.png; name = launcher6_120.png; path = launcher6_120.png; sourceTree = "<group>"; };
		B7AE0AAF8E5E1712ECD85765 /* launcher6_152.png */ = {isa = PBXFileReference; lastKnownFileType = image.png; name = launcher6_152.png; path = launcher6_152.png; sourceTree = "<group>"; };
		3AD0C61A625F8E650F11B57E /* launcher6_167.png */ = {isa = PBXFileReference; lastKnownFileType = image.png; name = launcher6_167.png; path = launcher6_167.png; sourceTree = "<group>"; };
		60C3D673F7C21BA08871D2B3 /* launcher6_180.png */ = {isa = PBXFileReference; lastKnownFileType = image.png; name = launcher6_180.png; path = launcher6_180.png; sourceTree = "<group>"; };
		FA0AC0689ACFAF4F678CA0C6 /* launcher6_20.png */ = {isa = PBXFileReference; lastKnownFileType = image.png; name = launcher6_20.png; path = launcher6_20.png; sourceTree = "<group>"; };
		4DCDDB830803F4D22F43851B /* launcher6_29.png */ = {isa = PBXFileReference; lastKnownFileType = image.png; name = launcher6_29.png; path = launcher6_29.png; sourceTree = "<group>"; };
		D4735201896F786E8B8550B1 /* launcher6_40.png */ = {isa = PBXFileReference; lastKnownFileType = image.png; name = launcher6_40.png; path = launcher6_40.png; sourceTree = "<group>"; };
		E150ACF54D3247A89014B9CF /* launcher6_58.png */ = {isa = PBXFileReference; lastKnownFileType = image.png; name = launcher6_58.png; path = launcher6_58.png; sourceTree = "<group>"; };
		2FA4160D433E64E1488C1C1C /* launcher6_60.png */ = {isa = PBXFileReference; lastKnownFileType = image.png; name = launcher6_60.png; path = launcher6_60.png; sourceTree = "<group>"; };
		BB0A7E2B0222E3C5E8C7E392 /* launcher6_76.png */ = {isa = PBXFileReference; lastKnownFileType = image.png; name = launcher6_76.png; path = launcher6_76.png; sourceTree = "<group>"; };
		C640743DFB6772695A5A0A5D /* launcher6_80.png */ = {isa = PBXFileReference; lastKnownFileType = image.png; name = launcher6_80.png; path = launcher6_80.png; sourceTree = "<group>"; };
		4F85C36F70AE054306C6C74A /* launcher6_87.png */ = {isa = PBXFileReference; lastKnownFileType = image.png; name = launcher6_87.png; path = launcher6_87.png; sourceTree = "<group>"; };
/* End PBXFileReference section */

/* Begin PBXFrameworksBuildPhase section */
		97C146EB1CF9000F007C117D /* Frameworks */ = {
			isa = PBXFrameworksBuildPhase;
			buildActionMask = 2147483647;
			files = (
			);
			runOnlyForDeploymentPostprocessing = 0;
		};
/* End PBXFrameworksBuildPhase section */

/* Begin PBXGroup section */
		331C8082294A63A400263BE5 /* RunnerTests */ = {
			isa = PBXGroup;
			children = (
				331C807B294A618700263BE5 /* RunnerTests.swift */,
			);
			path = RunnerTests;
			sourceTree = "<group>";
		};
		9740EEB11CF90186004384FC /* Flutter */ = {
			isa = PBXGroup;
			children = (
				3B3967151E833CAA004F5970 /* AppFrameworkInfo.plist */,
				9740EEB21CF90195004384FC /* Debug.xcconfig */,
				7AFA3C8E1D35360C0083082E /* Release.xcconfig */,
				9740EEB31CF90195004384FC /* Generated.xcconfig */,
			);
			name = Flutter;
			sourceTree = "<group>";
		};
		97C146E51CF9000F007C117D = {
			isa = PBXGroup;
			children = (
				9740EEB11CF90186004384FC /* Flutter */,
				97C146F01CF9000F007C117D /* Runner */,
				97C146EF1CF9000F007C117D /* Products */,
				331C8082294A63A400263BE5 /* RunnerTests */,
			);
			sourceTree = "<group>";
		};
		97C146EF1CF9000F007C117D /* Products */ = {
			isa = PBXGroup;
			children = (
				97C146EE1CF9000F007C117D /* Runner.app */,
				331C8081294A63A400263BE5 /* RunnerTests.xctest */,
			);
			name = Products;
			sourceTree = "<group>";
		};
		97C146F01CF9000F007C117D /* Runner */ = {
			isa = PBXGroup;
			children = (
				97C146FA1CF9000F007C117D /* Main.storyboard */,
				97C146FD1CF9000F007C117D /* Assets.xcassets */,
				97C146FF1CF9000F007C117D /* LaunchScreen.storyboard */,
				97C147021CF9000F007C117D /* Info.plist */,
				1498D2321E8E86230040F4C2 /* GeneratedPluginRegistrant.h */,
				1498D2331E8E89220040F4C2 /* GeneratedPluginRegistrant.m */,
				74858FAE1ED2DC5600515810 /* AppDelegate.swift */,
			7485A0BA2F0A0000000000A1 /* NowPlayingBridge.swift */,
				B913AF9475EAC9655614311C /* LauncherIconBridge.swift */,
				B31455AD76E1FF1CD7B41B96 /* AlternateIcons */,
				7884E8672EC3CC0400C636F2 /* SceneDelegate.swift */,
				74858FAD1ED2DC5600515810 /* Runner-Bridging-Header.h */,
			);
			path = Runner;
			sourceTree = "<group>";
		};
		B31455AD76E1FF1CD7B41B96 /* AlternateIcons */ = {
			isa = PBXGroup;
			children = (
				7BAB4A4D1CD3F940069B0A75 /* launcher1_1024.png */,
				1C159E149943F8A9E70B90F1 /* launcher1_120.png */,
				D38979F30C59A29DA303E4A6 /* launcher1_152.png */,
				1CE278445F1024AD83146D22 /* launcher1_167.png */,
				286522074AB2811C06A6EA8B /* launcher1_180.png */,
				4ED3BF6D134631EA022B1E44 /* launcher1_20.png */,
				701D10D07691A0B132899350 /* launcher1_29.png */,
				77296C7F62C4A39A907D76C6 /* launcher1_40.png */,
				84877DC9501B3F1E4393F57B /* launcher1_58.png */,
				FABA6284BBDDC4717FFF4C20 /* launcher1_60.png */,
				99FEB937D5435A7A6FBEA3E2 /* launcher1_76.png */,
				243184EC82545EACD35C82B7 /* launcher1_80.png */,
				989C63C10D8B9C6EBE192713 /* launcher1_87.png */,
				892CA667B7315CF02BAE5037 /* launcher2_1024.png */,
				B870F7180C3A5542132E2FC4 /* launcher2_120.png */,
				2B2BABAAC111229DD60CFECF /* launcher2_152.png */,
				6E8873DE01F7E66BA1890022 /* launcher2_167.png */,
				6E528B6BFF2D1EEDAC0F0CE6 /* launcher2_180.png */,
				1F37C277FC73EBE78C0B1239 /* launcher2_20.png */,
				3063F2C91F1770074750338F /* launcher2_29.png */,
				2A677D939DD6C1DC075A3497 /* launcher2_40.png */,
				A6970481867D1EC8CE8E4CD8 /* launcher2_58.png */,
				75BA16F13C7E63EFB33CB7B2 /* launcher2_60.png */,
				582F52CE61F41F7C86D7F0DB /* launcher2_76.png */,
				DB1158462EE6FACA79D86058 /* launcher2_80.png */,
				E5111109F293176EE17D3858 /* launcher2_87.png */,
				3B371863253A561E99AB6A8E /* launcher3_1024.png */,
				1EA97F40BB9505E90BD2323B /* launcher3_120.png */,
				37A07D90F8CA26701044EDE4 /* launcher3_152.png */,
				3864A75EDE80A12F0C65B852 /* launcher3_167.png */,
				2E6513208D46265069B9E071 /* launcher3_180.png */,
				CEF4D10FC99C1E89EE82FA3D /* launcher3_20.png */,
				2484A4DA9995A377C24C053B /* launcher3_29.png */,
				E62EFD929A5668FA33129DE9 /* launcher3_40.png */,
				2C8D47CCD3868A30F901FB2F /* launcher3_58.png */,
				98DBF1BC6860735030628D43 /* launcher3_60.png */,
				E4690C6D4609CA92DCC14E9E /* launcher3_76.png */,
				41E57CA414FEFCC9E4DE0FC3 /* launcher3_80.png */,
				6659F091F0E29E9BAD4710F5 /* launcher3_87.png */,
				CF59BB909253F990942EAB20 /* launcher4_1024.png */,
				971C5B8C9966B557822B3305 /* launcher4_120.png */,
				AEF36B370E70617B26AF9956 /* launcher4_152.png */,
				478F8E13020870F5C87CE723 /* launcher4_167.png */,
				455305046ABA4E223B0A2404 /* launcher4_180.png */,
				9B4607B578306FD052EF75FE /* launcher4_20.png */,
				6FE86AF3823B17D8FB67CEE3 /* launcher4_29.png */,
				84B5A6CCC948602A445F8A4C /* launcher4_40.png */,
				43F5D835E59C1DC5F89F7D63 /* launcher4_58.png */,
				40B29904F65FA69B95F5079D /* launcher4_60.png */,
				A219E35332F790FB0476E572 /* launcher4_76.png */,
				50A696AB816D7CD5968BC665 /* launcher4_80.png */,
				10E0D13B12280C2CF0907812 /* launcher4_87.png */,
				8DC8CC3F486CBAF9798BAC47 /* launcher5_1024.png */,
				0FFD8E5A1794BA8DEAC95389 /* launcher5_120.png */,
				E5605AA32C578C31CC097D2C /* launcher5_152.png */,
				93D4461DDB2238D2A27AE678 /* launcher5_167.png */,
				418DDB2A84DD4497E530DF5D /* launcher5_180.png */,
				9DAE484121FA3BBD3D2B58F0 /* launcher5_20.png */,
				E697609B1CE5E488BB111210 /* launcher5_29.png */,
				45EDEC7B5946752A87F32501 /* launcher5_40.png */,
				A432A0AB3C879D98ABAA95BD /* launcher5_58.png */,
				C7FD45A2BC10AED9D17B6E59 /* launcher5_60.png */,
				34B3B872CE69596BD87A84DC /* launcher5_76.png */,
				1073D4AFC1C73330BF10F694 /* launcher5_80.png */,
				CCFF87F82237C22DABED8CCA /* launcher5_87.png */,
				9CC3BE97A8D3AA18EEC7EF43 /* launcher6_1024.png */,
				0784E0D4D14A16BB700178EC /* launcher6_120.png */,
				B7AE0AAF8E5E1712ECD85765 /* launcher6_152.png */,
				3AD0C61A625F8E650F11B57E /* launcher6_167.png */,
				60C3D673F7C21BA08871D2B3 /* launcher6_180.png */,
				FA0AC0689ACFAF4F678CA0C6 /* launcher6_20.png */,
				4DCDDB830803F4D22F43851B /* launcher6_29.png */,
				D4735201896F786E8B8550B1 /* launcher6_40.png */,
				E150ACF54D3247A89014B9CF /* launcher6_58.png */,
				2FA4160D433E64E1488C1C1C /* launcher6_60.png */,
				BB0A7E2B0222E3C5E8C7E392 /* launcher6_76.png */,
				C640743DFB6772695A5A0A5D /* launcher6_80.png */,
				4F85C36F70AE054306C6C74A /* launcher6_87.png */,
			);
			path = AlternateIcons;
			sourceTree = "<group>";
		};
/* End PBXGroup section */

/* Begin PBXNativeTarget section */
		331C8080294A63A400263BE5 /* RunnerTests */ = {
			isa = PBXNativeTarget;
			buildConfigurationList = 331C8087294A63A400263BE5 /* Build configuration list for PBXNativeTarget "RunnerTests" */;
			buildPhases = (
				331C807D294A63A400263BE5 /* Sources */,
				331C807F294A63A400263BE5 /* Resources */,
			);
			buildRules = (
			);
			dependencies = (
				331C8086294A63A400263BE5 /* PBXTargetDependency */,
			);
			name = RunnerTests;
			productName = RunnerTests;
			productReference = 331C8081294A63A400263BE5 /* RunnerTests.xctest */;
			productType = "com.apple.product-type.bundle.unit-test";
		};
		97C146ED1CF9000F007C117D /* Runner */ = {
			isa = PBXNativeTarget;
			buildConfigurationList = 97C147051CF9000F007C117D /* Build configuration list for PBXNativeTarget "Runner" */;
			buildPhases = (
				9740EEB61CF901F6004384FC /* Run Script */,
				97C146EA1CF9000F007C117D /* Sources */,
				97C146EB1CF9000F007C117D /* Frameworks */,
				97C146EC1CF9000F007C117D /* Resources */,
				9705A1C41CF9048500538489 /* Embed Frameworks */,
				3B06AD1E1E4923F5004D2608 /* Thin Binary */,
			);
			buildRules = (
			);
			dependencies = (
			);
			name = Runner;
			productName = Runner;
			productReference = 97C146EE1CF9000F007C117D /* Runner.app */;
			productType = "com.apple.product-type.application";
		};
/* End PBXNativeTarget section */

/* Begin PBXProject section */
		97C146E61CF9000F007C117D /* Project object */ = {
			isa = PBXProject;
			attributes = {
				BuildIndependentTargetsInParallel = YES;
				LastUpgradeCheck = 1510;
				ORGANIZATIONNAME = "";
				TargetAttributes = {
					331C8080294A63A400263BE5 = {
						CreatedOnToolsVersion = 14.0;
						TestTargetID = 97C146ED1CF9000F007C117D;
					};
					97C146ED1CF9000F007C117D = {
						CreatedOnToolsVersion = 7.3.1;
						LastSwiftMigration = 1100;
					};
				};
			};
			buildConfigurationList = 97C146E91CF9000F007C117D /* Build configuration list for PBXProject "Runner" */;
			compatibilityVersion = "Xcode 9.3";
			developmentRegion = en;
			hasScannedForEncodings = 0;
			knownRegions = (
				en,
				Base,
			);
			mainGroup = 97C146E51CF9000F007C117D;
			productRefGroup = 97C146EF1CF9000F007C117D /* Products */;
			projectDirPath = "";
			projectRoot = "";
			targets = (
				97C146ED1CF9000F007C117D /* Runner */,
				331C8080294A63A400263BE5 /* RunnerTests */,
			);
		};
/* End PBXProject section */

/* Begin PBXResourcesBuildPhase section */
		331C807F294A63A400263BE5 /* Resources */ = {
			isa = PBXResourcesBuildPhase;
			buildActionMask = 2147483647;
			files = (
			);
			runOnlyForDeploymentPostprocessing = 0;
		};
		97C146EC1CF9000F007C117D /* Resources */ = {
			isa = PBXResourcesBuildPhase;
			buildActionMask = 2147483647;
			files = (
				97C147011CF9000F007C117D /* LaunchScreen.storyboard in Resources */,
				3B3967161E833CAA004F5970 /* AppFrameworkInfo.plist in Resources */,
				97C146FE1CF9000F007C117D /* Assets.xcassets in Resources */,
				97C146FC1CF9000F007C117D /* Main.storyboard in Resources */,
				B2ACAC0042E2BC7926C99CD4 /* launcher1_1024.png in Resources */,
				FA16819C46823F639C6A607E /* launcher1_120.png in Resources */,
				B7DE86D81233AE41EF05E5A6 /* launcher1_152.png in Resources */,
				326C7B542DCEE493F26DBC6F /* launcher1_167.png in Resources */,
				E503C43C11687DF6CE314970 /* launcher1_180.png in Resources */,
				8801515774EFAF49AE5A12F7 /* launcher1_20.png in Resources */,
				57D7724F868ADE97478C1ED7 /* launcher1_29.png in Resources */,
				F7462DF5F3E5F69C932A1114 /* launcher1_40.png in Resources */,
				361C69E4D077B369DC069557 /* launcher1_58.png in Resources */,
				4637A4802B53F7DDDF714AE4 /* launcher1_60.png in Resources */,
				B570AF86E36C8416B9688292 /* launcher1_76.png in Resources */,
				AD8FBFE193F19074CB989202 /* launcher1_80.png in Resources */,
				AECFBDE0B695963932931F12 /* launcher1_87.png in Resources */,
				DDB6533BBC64604791457C9B /* launcher2_1024.png in Resources */,
				14D8E62E4C85A2604E983606 /* launcher2_120.png in Resources */,
				F808578539891D2319B7C429 /* launcher2_152.png in Resources */,
				BBCA58503061367CF3B9A635 /* launcher2_167.png in Resources */,
				3CC2C1C3601FFA76340847E9 /* launcher2_180.png in Resources */,
				C627757610854BCADAA43207 /* launcher2_20.png in Resources */,
				29809B2B7D5D34596C0B228B /* launcher2_29.png in Resources */,
				06EBD7E1430DC438932EBBC9 /* launcher2_40.png in Resources */,
				9D5A698A5AD7094AB5F186A1 /* launcher2_58.png in Resources */,
				3F80148D8B5D143A86CBA387 /* launcher2_60.png in Resources */,
				2ED076AA158012147F8A8265 /* launcher2_76.png in Resources */,
				9172189CF1930026B5EFB8F2 /* launcher2_80.png in Resources */,
				E0F4A0DBF808061BFC171E88 /* launcher2_87.png in Resources */,
				C2AE524C25E35D67176EE7E8 /* launcher3_1024.png in Resources */,
				7ADAD28DF59F4A854B15B088 /* launcher3_120.png in Resources */,
				9CBF145F52026F0B916B7B8A /* launcher3_152.png in Resources */,
				A3A2BD63F3ED1D02721F583A /* launcher3_167.png in Resources */,
				3FAB34DD438E97FEFD68B742 /* launcher3_180.png in Resources */,
				A303BEEEBBB5BEA57E53DE03 /* launcher3_20.png in Resources */,
				62D054C2B275407D98BBCFDD /* launcher3_29.png in Resources */,
				E1BC64E8351CC64285FBB8AD /* launcher3_40.png in Resources */,
				2112678262B698BF0F6354F3 /* launcher3_58.png in Resources */,
				4A1233B0C2F7C28B65DD3892 /* launcher3_60.png in Resources */,
				91F1C7ABE4275C2C67F196B3 /* launcher3_76.png in Resources */,
				3BCCCB1A64353A09293600E3 /* launcher3_80.png in Resources */,
				3090BB15EEE4DB01C2A637D6 /* launcher3_87.png in Resources */,
				D3151C9754762B70C60B5C09 /* launcher4_1024.png in Resources */,
				0BFCA29CD38D48AC6FAA98D5 /* launcher4_120.png in Resources */,
				C77D244784BC8BCA6DB3B01F /* launcher4_152.png in Resources */,
				5FA0E8296495E71216D2D585 /* launcher4_167.png in Resources */,
				96F37DE30BD47A2FFDFDD172 /* launcher4_180.png in Resources */,
				30F9856448ADDF68134B663A /* launcher4_20.png in Resources */,
				D70913C1BA106AF7EFA0E46E /* launcher4_29.png in Resources */,
				A504873FBAD7E0E51AD9C749 /* launcher4_40.png in Resources */,
				6BFC9F08F51A60A84ADB5307 /* launcher4_58.png in Resources */,
				7B4A3423AF99FDE55947E339 /* launcher4_60.png in Resources */,
				F5C44A1592E65CA26CF1D1D4 /* launcher4_76.png in Resources */,
				3A67AF519DEB98C196BC4271 /* launcher4_80.png in Resources */,
				A52D6DA3882E82FB25A98E90 /* launcher4_87.png in Resources */,
				25B2995F413B0727CA8C4A44 /* launcher5_1024.png in Resources */,
				3413A47AC680E9CD4AD9AD33 /* launcher5_120.png in Resources */,
				030220439638625621D48E00 /* launcher5_152.png in Resources */,
				B7222FCEBFD3645AA8E532AD /* launcher5_167.png in Resources */,
				5BF6ADCD59E1E959188337C5 /* launcher5_180.png in Resources */,
				C698F14AC18856818B3711E9 /* launcher5_20.png in Resources */,
				A423A612D4F8C02E761CA53F /* launcher5_29.png in Resources */,
				D88CC6B350526497029AFA0F /* launcher5_40.png in Resources */,
				DAC4F7D723E3A0A4E69BA59F /* launcher5_58.png in Resources */,
				AE979CA5697264A49BC91BF3 /* launcher5_60.png in Resources */,
				DF642DE3DFBAFB505A075F12 /* launcher5_76.png in Resources */,
				2A5D7054AFA1E426B25893BE /* launcher5_80.png in Resources */,
				018FC9A6A04E4814B3A1B305 /* launcher5_87.png in Resources */,
				D298C8DBC2378DB006E107C1 /* launcher6_1024.png in Resources */,
				2B30F8E5569DBDCDC9A9354B /* launcher6_120.png in Resources */,
				7FC8D050C516BB9D2E436597 /* launcher6_152.png in Resources */,
				69A598E2A6AAF02558E69525 /* launcher6_167.png in Resources */,
				2A2CE8FAC4A480D8ED4AEF41 /* launcher6_180.png in Resources */,
				FE8C163C29A5F6D4BA2AF03B /* launcher6_20.png in Resources */,
				DE9DD14403875DC1E826027B /* launcher6_29.png in Resources */,
				02269A227289783B78EC824E /* launcher6_40.png in Resources */,
				B6340EE393FE959AB30A1944 /* launcher6_58.png in Resources */,
				B7D728F97E6CE3115412D2A4 /* launcher6_60.png in Resources */,
				C23B940B68EC35AEE475A0CD /* launcher6_76.png in Resources */,
				D59C40CC27F8677B927087CB /* launcher6_80.png in Resources */,
				A7E298FF18C5DC721D002F39 /* launcher6_87.png in Resources */,
			);
			runOnlyForDeploymentPostprocessing = 0;
		};
/* End PBXResourcesBuildPhase section */

/* Begin PBXShellScriptBuildPhase section */
		3B06AD1E1E4923F5004D2608 /* Thin Binary */ = {
			isa = PBXShellScriptBuildPhase;
			alwaysOutOfDate = 1;
			buildActionMask = 2147483647;
			files = (
			);
			inputPaths = (
				"${TARGET_BUILD_DIR}/${INFOPLIST_PATH}",
			);
			name = "Thin Binary";
			outputPaths = (
			);
			runOnlyForDeploymentPostprocessing = 0;
			shellPath = /bin/sh;
			shellScript = "/bin/sh \"$FLUTTER_ROOT/packages/flutter_tools/bin/xcode_backend.sh\" embed_and_thin";
		};
		9740EEB61CF901F6004384FC /* Run Script */ = {
			isa = PBXShellScriptBuildPhase;
			alwaysOutOfDate = 1;
			buildActionMask = 2147483647;
			files = (
			);
			inputPaths = (
			);
			name = "Run Script";
			outputPaths = (
			);
			runOnlyForDeploymentPostprocessing = 0;
			shellPath = /bin/sh;
			shellScript = "/bin/sh \"$FLUTTER_ROOT/packages/flutter_tools/bin/xcode_backend.sh\" build";
		};
/* End PBXShellScriptBuildPhase section */

/* Begin PBXSourcesBuildPhase section */
		331C807D294A63A400263BE5 /* Sources */ = {
			isa = PBXSourcesBuildPhase;
			buildActionMask = 2147483647;
			files = (
				331C808B294A63AB00263BE5 /* RunnerTests.swift in Sources */,
			);
			runOnlyForDeploymentPostprocessing = 0;
		};
		97C146EA1CF9000F007C117D /* Sources */ = {
			isa = PBXSourcesBuildPhase;
			buildActionMask = 2147483647;
			files = (
				74858FAF1ED2DC5600515810 /* AppDelegate.swift in Sources */,
			7485A0BA2F0A0000000000B2 /* NowPlayingBridge.swift in Sources */,
				1498D2341E8E89220040F4C2 /* GeneratedPluginRegistrant.m in Sources */,
				7884E8682EC3CC0700C636F2 /* SceneDelegate.swift in Sources */,
				384E7CD32C0400318E89BFE2 /* LauncherIconBridge.swift in Sources */,
			);
			runOnlyForDeploymentPostprocessing = 0;
		};
/* End PBXSourcesBuildPhase section */

/* Begin PBXTargetDependency section */
		331C8086294A63A400263BE5 /* PBXTargetDependency */ = {
			isa = PBXTargetDependency;
			target = 97C146ED1CF9000F007C117D /* Runner */;
			targetProxy = 331C8085294A63A400263BE5 /* PBXContainerItemProxy */;
		};
/* End PBXTargetDependency section */

/* Begin PBXVariantGroup section */
		97C146FA1CF9000F007C117D /* Main.storyboard */ = {
			isa = PBXVariantGroup;
			children = (
				97C146FB1CF9000F007C117D /* Base */,
			);
			name = Main.storyboard;
			sourceTree = "<group>";
		};
		97C146FF1CF9000F007C117D /* LaunchScreen.storyboard */ = {
			isa = PBXVariantGroup;
			children = (
				97C147001CF9000F007C117D /* Base */,
			);
			name = LaunchScreen.storyboard;
			sourceTree = "<group>";
		};
/* End PBXVariantGroup section */

/* Begin XCBuildConfiguration section */
		249021D3217E4FDB00AE95B9 /* Profile */ = {
			isa = XCBuildConfiguration;
			buildSettings = {
				ALWAYS_SEARCH_USER_PATHS = NO;
				ASSETCATALOG_COMPILER_GENERATE_SWIFT_ASSET_SYMBOL_EXTENSIONS = YES;
				CLANG_ANALYZER_NONNULL = YES;
				CLANG_CXX_LANGUAGE_STANDARD = "gnu++0x";
				CLANG_CXX_LIBRARY = "libc++";
				CLANG_ENABLE_MODULES = YES;
				CLANG_ENABLE_OBJC_ARC = YES;
				CLANG_WARN_BLOCK_CAPTURE_AUTORELEASING = YES;
				CLANG_WARN_BOOL_CONVERSION = YES;
				CLANG_WARN_COMMA = YES;
				CLANG_WARN_CONSTANT_CONVERSION = YES;
				CLANG_WARN_DEPRECATED_OBJC_IMPLEMENTATIONS = YES;
				CLANG_WARN_DIRECT_OBJC_ISA_USAGE = YES_ERROR;
				CLANG_WARN_EMPTY_BODY = YES;
				CLANG_WARN_ENUM_CONVERSION = YES;
				CLANG_WARN_INFINITE_RECURSION = YES;
				CLANG_WARN_INT_CONVERSION = YES;
				CLANG_WARN_NON_LITERAL_NULL_CONVERSION = YES;
				CLANG_WARN_OBJC_IMPLICIT_RETAIN_SELF = YES;
				CLANG_WARN_OBJC_LITERAL_CONVERSION = YES;
				CLANG_WARN_OBJC_ROOT_CLASS = YES_ERROR;
				CLANG_WARN_RANGE_LOOP_ANALYSIS = YES;
				CLANG_WARN_STRICT_PROTOTYPES = YES;
				CLANG_WARN_SUSPICIOUS_MOVE = YES;
				CLANG_WARN_UNREACHABLE_CODE = YES;
				CLANG_WARN__DUPLICATE_METHOD_MATCH = YES;
				"CODE_SIGN_IDENTITY[sdk=iphoneos*]" = "iPhone Developer";
				COPY_PHASE_STRIP = NO;
				DEBUG_INFORMATION_FORMAT = "dwarf-with-dsym";
				ENABLE_NS_ASSERTIONS = NO;
				ENABLE_STRICT_OBJC_MSGSEND = YES;
				ENABLE_USER_SCRIPT_SANDBOXING = NO;
				GCC_C_LANGUAGE_STANDARD = gnu99;
				GCC_NO_COMMON_BLOCKS = YES;
				GCC_WARN_64_TO_32_BIT_CONVERSION = YES;
				GCC_WARN_ABOUT_RETURN_TYPE = YES_ERROR;
				GCC_WARN_UNDECLARED_SELECTOR = YES;
				GCC_WARN_UNINITIALIZED_AUTOS = YES_AGGRESSIVE;
				GCC_WARN_UNUSED_FUNCTION = YES;
				GCC_WARN_UNUSED_VARIABLE = YES;
				IPHONEOS_DEPLOYMENT_TARGET = 13.0;
				MTL_ENABLE_DEBUG_INFO = NO;
				SDKROOT = iphoneos;
				SUPPORTED_PLATFORMS = iphoneos;
				TARGETED_DEVICE_FAMILY = "1,2";
				VALIDATE_PRODUCT = YES;
			};
			name = Profile;
		};
		249021D4217E4FDB00AE95B9 /* Profile */ = {
			isa = XCBuildConfiguration;
			baseConfigurationReference = 7AFA3C8E1D35360C0083082E /* Release.xcconfig */;
			buildSettings = {
				ASSETCATALOG_COMPILER_APPICON_NAME = AppIcon;
				CLANG_ENABLE_MODULES = YES;
				CURRENT_PROJECT_VERSION = "$(FLUTTER_BUILD_NUMBER)";
				ENABLE_BITCODE = NO;
				INFOPLIST_FILE = Runner/Info.plist;
				LD_RUNPATH_SEARCH_PATHS = (
					"$(inherited)",
					"@executable_path/Frameworks",
				);
				PRODUCT_BUNDLE_IDENTIFIER = io.legado.flutterLegado;
				PRODUCT_NAME = "$(TARGET_NAME)";
				SWIFT_OBJC_BRIDGING_HEADER = "Runner/Runner-Bridging-Header.h";
				SWIFT_VERSION = 5.0;
				VERSIONING_SYSTEM = "apple-generic";
			};
			name = Profile;
		};
		331C8088294A63A400263BE5 /* Debug */ = {
			isa = XCBuildConfiguration;
			buildSettings = {
				BUNDLE_LOADER = "$(TEST_HOST)";
				CODE_SIGN_STYLE = Automatic;
				CURRENT_PROJECT_VERSION = 1;
				GENERATE_INFOPLIST_FILE = YES;
				MARKETING_VERSION = 1.0;
				PRODUCT_BUNDLE_IDENTIFIER = io.legado.flutterLegado.RunnerTests;
				PRODUCT_NAME = "$(TARGET_NAME)";
				SWIFT_ACTIVE_COMPILATION_CONDITIONS = DEBUG;
				SWIFT_OPTIMIZATION_LEVEL = "-Onone";
				SWIFT_VERSION = 5.0;
				TEST_HOST = "$(BUILT_PRODUCTS_DIR)/Runner.app/$(BUNDLE_EXECUTABLE_FOLDER_PATH)/Runner";
			};
			name = Debug;
		};
		331C8089294A63A400263BE5 /* Release */ = {
			isa = XCBuildConfiguration;
			buildSettings = {
				BUNDLE_LOADER = "$(TEST_HOST)";
				CODE_SIGN_STYLE = Automatic;
				CURRENT_PROJECT_VERSION = 1;
				GENERATE_INFOPLIST_FILE = YES;
				MARKETING_VERSION = 1.0;
				PRODUCT_BUNDLE_IDENTIFIER = io.legado.flutterLegado.RunnerTests;
				PRODUCT_NAME = "$(TARGET_NAME)";
				SWIFT_VERSION = 5.0;
				TEST_HOST = "$(BUILT_PRODUCTS_DIR)/Runner.app/$(BUNDLE_EXECUTABLE_FOLDER_PATH)/Runner";
			};
			name = Release;
		};
		331C808A294A63A400263BE5 /* Profile */ = {
			isa = XCBuildConfiguration;
			buildSettings = {
				BUNDLE_LOADER = "$(TEST_HOST)";
				CODE_SIGN_STYLE = Automatic;
				CURRENT_PROJECT_VERSION = 1;
				GENERATE_INFOPLIST_FILE = YES;
				MARKETING_VERSION = 1.0;
				PRODUCT_BUNDLE_IDENTIFIER = io.legado.flutterLegado.RunnerTests;
				PRODUCT_NAME = "$(TARGET_NAME)";
				SWIFT_VERSION = 5.0;
				TEST_HOST = "$(BUILT_PRODUCTS_DIR)/Runner.app/$(BUNDLE_EXECUTABLE_FOLDER_PATH)/Runner";
			};
			name = Profile;
		};
		97C147031CF9000F007C117D /* Debug */ = {
			isa = XCBuildConfiguration;
			buildSettings = {
				ALWAYS_SEARCH_USER_PATHS = NO;
				ASSETCATALOG_COMPILER_GENERATE_SWIFT_ASSET_SYMBOL_EXTENSIONS = YES;
				CLANG_ANALYZER_NONNULL = YES;
				CLANG_CXX_LANGUAGE_STANDARD = "gnu++0x";
				CLANG_CXX_LIBRARY = "libc++";
				CLANG_ENABLE_MODULES = YES;
				CLANG_ENABLE_OBJC_ARC = YES;
				CLANG_WARN_BLOCK_CAPTURE_AUTORELEASING = YES;
				CLANG_WARN_BOOL_CONVERSION = YES;
				CLANG_WARN_COMMA = YES;
				CLANG_WARN_CONSTANT_CONVERSION = YES;
				CLANG_WARN_DEPRECATED_OBJC_IMPLEMENTATIONS = YES;
				CLANG_WARN_DIRECT_OBJC_ISA_USAGE = YES_ERROR;
				CLANG_WARN_EMPTY_BODY = YES;
				CLANG_WARN_ENUM_CONVERSION = YES;
				CLANG_WARN_INFINITE_RECURSION = YES;
				CLANG_WARN_INT_CONVERSION = YES;
				CLANG_WARN_NON_LITERAL_NULL_CONVERSION = YES;
				CLANG_WARN_OBJC_IMPLICIT_RETAIN_SELF = YES;
				CLANG_WARN_OBJC_LITERAL_CONVERSION = YES;
				CLANG_WARN_OBJC_ROOT_CLASS = YES_ERROR;
				CLANG_WARN_RANGE_LOOP_ANALYSIS = YES;
				CLANG_WARN_STRICT_PROTOTYPES = YES;
				CLANG_WARN_SUSPICIOUS_MOVE = YES;
				CLANG_WARN_UNREACHABLE_CODE = YES;
				CLANG_WARN__DUPLICATE_METHOD_MATCH = YES;
				"CODE_SIGN_IDENTITY[sdk=iphoneos*]" = "iPhone Developer";
				COPY_PHASE_STRIP = NO;
				DEBUG_INFORMATION_FORMAT = dwarf;
				ENABLE_STRICT_OBJC_MSGSEND = YES;
				ENABLE_TESTABILITY = YES;
				ENABLE_USER_SCRIPT_SANDBOXING = NO;
				GCC_C_LANGUAGE_STANDARD = gnu99;
				GCC_DYNAMIC_NO_PIC = NO;
				GCC_NO_COMMON_BLOCKS = YES;
				GCC_OPTIMIZATION_LEVEL = 0;
				GCC_PREPROCESSOR_DEFINITIONS = (
					"DEBUG=1",
					"$(inherited)",
				);
				GCC_WARN_64_TO_32_BIT_CONVERSION = YES;
				GCC_WARN_ABOUT_RETURN_TYPE = YES_ERROR;
				GCC_WARN_UNDECLARED_SELECTOR = YES;
				GCC_WARN_UNINITIALIZED_AUTOS = YES_AGGRESSIVE;
				GCC_WARN_UNUSED_FUNCTION = YES;
				GCC_WARN_UNUSED_VARIABLE = YES;
				IPHONEOS_DEPLOYMENT_TARGET = 13.0;
				MTL_ENABLE_DEBUG_INFO = YES;
				ONLY_ACTIVE_ARCH = YES;
				SDKROOT = iphoneos;
				TARGETED_DEVICE_FAMILY = "1,2";
			};
			name = Debug;
		};
		97C147041CF9000F007C117D /* Release */ = {
			isa = XCBuildConfiguration;
			buildSettings = {
				ALWAYS_SEARCH_USER_PATHS = NO;
				ASSETCATALOG_COMPILER_GENERATE_SWIFT_ASSET_SYMBOL_EXTENSIONS = YES;
				CLANG_ANALYZER_NONNULL = YES;
				CLANG_CXX_LANGUAGE_STANDARD = "gnu++0x";
				CLANG_CXX_LIBRARY = "libc++";
				CLANG_ENABLE_MODULES = YES;
				CLANG_ENABLE_OBJC_ARC = YES;
				CLANG_WARN_BLOCK_CAPTURE_AUTORELEASING = YES;
				CLANG_WARN_BOOL_CONVERSION = YES;
				CLANG_WARN_COMMA = YES;
				CLANG_WARN_CONSTANT_CONVERSION = YES;
				CLANG_WARN_DEPRECATED_OBJC_IMPLEMENTATIONS = YES;
				CLANG_WARN_DIRECT_OBJC_ISA_USAGE = YES_ERROR;
				CLANG_WARN_EMPTY_BODY = YES;
				CLANG_WARN_ENUM_CONVERSION = YES;
				CLANG_WARN_INFINITE_RECURSION = YES;
				CLANG_WARN_INT_CONVERSION = YES;
				CLANG_WARN_NON_LITERAL_NULL_CONVERSION = YES;
				CLANG_WARN_OBJC_IMPLICIT_RETAIN_SELF = YES;
				CLANG_WARN_OBJC_LITERAL_CONVERSION = YES;
				CLANG_WARN_OBJC_ROOT_CLASS = YES_ERROR;
				CLANG_WARN_RANGE_LOOP_ANALYSIS = YES;
				CLANG_WARN_STRICT_PROTOTYPES = YES;
				CLANG_WARN_SUSPICIOUS_MOVE = YES;
				CLANG_WARN_UNREACHABLE_CODE = YES;
				CLANG_WARN__DUPLICATE_METHOD_MATCH = YES;
				"CODE_SIGN_IDENTITY[sdk=iphoneos*]" = "iPhone Developer";
				COPY_PHASE_STRIP = NO;
				DEBUG_INFORMATION_FORMAT = "dwarf-with-dsym";
				ENABLE_NS_ASSERTIONS = NO;
				ENABLE_STRICT_OBJC_MSGSEND = YES;
				ENABLE_USER_SCRIPT_SANDBOXING = NO;
				GCC_C_LANGUAGE_STANDARD = gnu99;
				GCC_NO_COMMON_BLOCKS = YES;
				GCC_WARN_64_TO_32_BIT_CONVERSION = YES;
				GCC_WARN_ABOUT_RETURN_TYPE = YES_ERROR;
				GCC_WARN_UNDECLARED_SELECTOR = YES;
				GCC_WARN_UNINITIALIZED_AUTOS = YES_AGGRESSIVE;
				GCC_WARN_UNUSED_FUNCTION = YES;
				GCC_WARN_UNUSED_VARIABLE = YES;
				IPHONEOS_DEPLOYMENT_TARGET = 13.0;
				MTL_ENABLE_DEBUG_INFO = NO;
				SDKROOT = iphoneos;
				SUPPORTED_PLATFORMS = iphoneos;
				SWIFT_COMPILATION_MODE = wholemodule;
				SWIFT_OPTIMIZATION_LEVEL = "-O";
				TARGETED_DEVICE_FAMILY = "1,2";
				VALIDATE_PRODUCT = YES;
			};
			name = Release;
		};
		97C147061CF9000F007C117D /* Debug */ = {
			isa = XCBuildConfiguration;
			baseConfigurationReference = 9740EEB21CF90195004384FC /* Debug.xcconfig */;
			buildSettings = {
				ASSETCATALOG_COMPILER_APPICON_NAME = AppIcon;
				CLANG_ENABLE_MODULES = YES;
				CURRENT_PROJECT_VERSION = "$(FLUTTER_BUILD_NUMBER)";
				ENABLE_BITCODE = NO;
				INFOPLIST_FILE = Runner/Info.plist;
				LD_RUNPATH_SEARCH_PATHS = (
					"$(inherited)",
					"@executable_path/Frameworks",
				);
				PRODUCT_BUNDLE_IDENTIFIER = io.legado.flutterLegado;
				PRODUCT_NAME = "$(TARGET_NAME)";
				SWIFT_OBJC_BRIDGING_HEADER = "Runner/Runner-Bridging-Header.h";
				SWIFT_OPTIMIZATION_LEVEL = "-Onone";
				SWIFT_VERSION = 5.0;
				VERSIONING_SYSTEM = "apple-generic";
			};
			name = Debug;
		};
		97C147071CF9000F007C117D /* Release */ = {
			isa = XCBuildConfiguration;
			baseConfigurationReference = 7AFA3C8E1D35360C0083082E /* Release.xcconfig */;
			buildSettings = {
				ASSETCATALOG_COMPILER_APPICON_NAME = AppIcon;
				CLANG_ENABLE_MODULES = YES;
				CURRENT_PROJECT_VERSION = "$(FLUTTER_BUILD_NUMBER)";
				ENABLE_BITCODE = NO;
				INFOPLIST_FILE = Runner/Info.plist;
				LD_RUNPATH_SEARCH_PATHS = (
					"$(inherited)",
					"@executable_path/Frameworks",
				);
				PRODUCT_BUNDLE_IDENTIFIER = io.legado.flutterLegado;
				PRODUCT_NAME = "$(TARGET_NAME)";
				SWIFT_OBJC_BRIDGING_HEADER = "Runner/Runner-Bridging-Header.h";
				SWIFT_VERSION = 5.0;
				VERSIONING_SYSTEM = "apple-generic";
			};
			name = Release;
		};
/* End XCBuildConfiguration section */

/* Begin XCConfigurationList section */
		331C8087294A63A400263BE5 /* Build configuration list for PBXNativeTarget "RunnerTests" */ = {
			isa = XCConfigurationList;
			buildConfigurations = (
				331C8088294A63A400263BE5 /* Debug */,
				331C8089294A63A400263BE5 /* Release */,
				331C808A294A63A400263BE5 /* Profile */,
			);
			defaultConfigurationIsVisible = 0;
			defaultConfigurationName = Release;
		};
		97C146E91CF9000F007C117D /* Build configuration list for PBXProject "Runner" */ = {
			isa = XCConfigurationList;
			buildConfigurations = (
				97C147031CF9000F007C117D /* Debug */,
				97C147041CF9000F007C117D /* Release */,
				249021D3217E4FDB00AE95B9 /* Profile */,
			);
			defaultConfigurationIsVisible = 0;
			defaultConfigurationName = Release;
		};
		97C147051CF9000F007C117D /* Build configuration list for PBXNativeTarget "Runner" */ = {
			isa = XCConfigurationList;
			buildConfigurations = (
				97C147061CF9000F007C117D /* Debug */,
				97C147071CF9000F007C117D /* Release */,
				249021D4217E4FDB00AE95B9 /* Profile */,
			);
			defaultConfigurationIsVisible = 0;
			defaultConfigurationName = Release;
		};
/* End XCConfigurationList section */
	};
	rootObject = 97C146E61CF9000F007C117D /* Project object */;
}
